
Microsoft Visual Studio Solution File, Format Version 12.00
# Visual Studio Version 16
VisualStudioVersion = 16.0.31515.178
MinimumVisualStudioVersion = 10.0.40219.1
Project("{2150E333-8FDC-42A3-9474-1A3956D46DE8}") = "Solution Items", "Solution Items", "{7D69C1CF-7116-419F-BE9B-439957FF7384}"
EndProject
Project("{9A19103F-16F7-4668-BE54-9A1E7A4F7556}") = "TEST_CRECER_DATA", "TEST_CRECER_DATA\TEST_CRECER_DATA.csproj", "{F8CE6DBB-BB89-4C6C-A9FC-E6E15036661C}"
EndProject
Project("{9A19103F-16F7-4668-BE54-9A1E7A4F7556}") = "TEST_CRECER_API", "TEST_CRECER_API\TEST_CRECER_API.csproj", "{64C03D29-CEFE-4E09-AB4A-8240D9215E6A}"
EndProject
Project("{9A19103F-16F7-4668-BE54-9A1E7A4F7556}") = "TEST_CRECER_BUSINESS", "TEST_CRECER_BUSINESS\TEST_CRECER_BUSINESS.csproj", "{0C230E0B-02FA-4F57-A6E5-B6030BE6741C}"
EndProject
Project("{9A19103F-16F7-4668-BE54-9A1E7A4F7556}") = "TEST_CRECER_COMMON", "TEST_CRECER_COMMON\TEST_CRECER_COMMON.csproj", "{B4314DB8-DD67-4339-949B-A1F592A6D491}"
EndProject
Project("{9A19103F-16F7-4668-BE54-9A1E7A4F7556}") = "TEST_CRECER", "TEST_CRECER\TEST_CRECER.csproj", "{8BB15ABD-2C01-42B4-8105-0DD33409E8B2}"
EndProject
Global
	GlobalSection(SolutionConfigurationPlatforms) = preSolution
		Debug|Any CPU = Debug|Any CPU
		Release|Any CPU = Release|Any CPU
	EndGlobalSection
	GlobalSection(ProjectConfigurationPlatforms) = postSolution
		{F8CE6DBB-BB89-4C6C-A9FC-E6E15036661C}.Debug|Any CPU.ActiveCfg = Debug|Any CPU
		{F8CE6DBB-BB89-4C6C-A9FC-E6E15036661C}.Debug|Any CPU.Build.0 = Debug|Any CPU
		{F8CE6DBB-BB89-4C6C-A9FC-E6E15036661C}.Release|Any CPU.ActiveCfg = Release|Any CPU
		{F8CE6DBB-BB89-4C6C-A9FC-E6E15036661C}.Release|Any CPU.Build.0 = Release|Any CPU
		{64C03D29-CEFE-4E09-AB4A-8240D9215E6A}.Debug|Any CPU.ActiveCfg = Debug|Any CPU
		{64C03D29-CEFE-4E09-AB4A-8240D9215E6A}.Debug|Any CPU.Build.0 = Debug|Any CPU
		{64C03D29-CEFE-4E09-AB4A-8240D9215E6A}.Release|Any CPU.ActiveCfg = Release|Any CPU
		{64C03D29-CEFE-4E09-AB4A-8240D9215E6A}.Release|Any CPU.Build.0 = Release|Any CPU
		{0C230E0B-02FA-4F57-A6E5-B6030BE6741C}.Debug|Any CPU.ActiveCfg = Debug|Any CPU
		{0C230E0B-02FA-4F57-A6E5-B6030BE6741C}.Debug|Any CPU.Build.0 = Debug|Any CPU
		{0C230E0B-02FA-4F57-A6E5-B6030BE6741C}.Release|Any CPU.ActiveCfg = Release|Any CPU
		{0C230E0B-02FA-4F57-A6E5-B6030BE6741C}.Release|Any CPU.Build.0 = Release|Any CPU
		{B4314DB8-DD67-4339-949B-A1F592A6D491}.Debug|Any CPU.ActiveCfg = Debug|Any CPU
		{B4314DB8-DD67-4339-949B-A1F592A6D491}.Debug|Any CPU.Build.0 = Debug|Any CPU
		{B4314DB8-DD67-4339-949B-A1F592A6D491}.Release|Any CPU.ActiveCfg = Release|Any CPU
		{B4314DB8-DD67-4339-949B-A1F592A6D491}.Release|Any CPU.Build.0 = Release|Any CPU
		{8BB15ABD-2C01-42B4-8105-0DD33409E8B2}.Debug|Any CPU.ActiveCfg = Debug|Any CPU
		{8BB15ABD-2C01-42B4-8105-0DD33409E8B2}.Debug|Any CPU.Build.0 = Debug|Any CPU
		{8BB15ABD-2C01-42B4-8105-0DD33409E8B2}.Release|Any CPU.ActiveCfg = Release|Any CPU
		{8BB15ABD-2C01-42B4-8105-0DD33409E8B2}.Release|Any CPU.Build.0 = Release|Any CPU
	EndGlobalSection
	GlobalSection(SolutionProperties) = preSolution
		HideSolutionNode = FALSE
	EndGlobalSection
	GlobalSection(NestedProjects) = preSolution
		{F8CE6DBB-BB89-4C6C-A9FC-E6E15036661C} = {7D69C1CF-7116-419F-BE9B-439957FF7384}
		{64C03D29-CEFE-4E09-AB4A-8240D9215E6A} = {7D69C1CF-7116-419F-BE9B-439957FF7384}
		{0C230E0B-02FA-4F57-A6E5-B6030BE6741C} = {7D69C1CF-7116-419F-BE9B-439957FF7384}
		{B4314DB8-DD67-4339-949B-A1F592A6D491} = {7D69C1CF-7116-419F-BE9B-439957FF7384}
		{8BB15ABD-2C01-42B4-8105-0DD33409E8B2} = {7D69C1CF-7116-419F-BE9B-439957FF7384}
	EndGlobalSection
	GlobalSection(ExtensibilityGlobals) = postSolution
		SolutionGuid = {E67DB92D-FA0B-4E71-B18E-F84FAECFC39B}
	EndGlobalSection
EndGlobal
